
Microsoft Visual Studio Solution File, Format Version 12.00
# Visual Studio 15
VisualStudioVersion = 15.0.28307.438
MinimumVisualStudioVersion = 10.0.40219.1
Project("{FAE04EC0-301F-11D3-BF4B-00C04F79EFBC}") = "BattleshipsSolution3.0", "BattleshipsSolution3.0\BattleshipsSolution3.0.csproj", "{FA224EE0-F69E-4C86-9081-038D50A2FF84}"
EndProject
Global
	GlobalSection(SolutionConfigurationPlatforms) = preSolution
		Debug|Any CPU = Debug|Any CPU
		Release|Any CPU = Release|Any CPU
	EndGlobalSection
	GlobalSection(ProjectConfigurationPlatforms) = postSolution
		{FA224EE0-F69E-4C86-9081-038D50A2FF84}.Debug|Any CPU.ActiveCfg = Debug|Any CPU
		{FA224EE0-F69E-4C86-9081-038D50A2FF84}.Debug|Any CPU.Build.0 = Debug|Any CPU
		{FA224EE0-F69E-4C86-9081-038D50A2FF84}.Release|Any CPU.ActiveCfg = Release|Any CPU
		{FA224EE0-F69E-4C86-9081-038D50A2FF84}.Release|Any CPU.Build.0 = Release|Any CPU
	EndGlobalSection
	GlobalSection(SolutionProperties) = preSolution
		HideSolutionNode = FALSE
	EndGlobalSection
	GlobalSection(ExtensibilityGlobals) = postSolution
		SolutionGuid = {FCE08202-E47A-47D6-9CBD-7C12E206A37D}
	EndGlobalSection
EndGlobal
